GIT
  remote: git@github.com:express42-cookbooks/redmine.git
  ref: master
  sha: d050e49e9de3f6c4d3f945fd858d3a5c8c079c7f
  specs:
    redmine (2.0.0)

PATH
  remote: bw-cookbooks/apt
  specs:
    apt (2.1.1)

PATH
  remote: bw-cookbooks/lvm
  specs:
    lvm (0.8.13)

PATH
  remote: bw-cookbooks/nginx
  specs:
    nginx (2.2.0)

PATH
  remote: bw-cookbooks/ntp
  specs:
    ntp (1.4.1)

PATH
  remote: bw-cookbooks/partition
  specs:
    partition (0.2.0)
      lvm (>= 0.8.6)
      zabbix (>= 0.1.1)

PATH
  remote: bw-cookbooks/php
  specs:
    php (0.1.0)

PATH
  remote: bw-cookbooks/postgresql
  specs:
    postgresql (0.2.3)

PATH
  remote: bw-cookbooks/ruby
  specs:
    ruby (0.1.2)

PATH
  remote: bw-cookbooks/runit
  specs:
    runit (0.14.3)

PATH
  remote: bw-cookbooks/sudo
  specs:
    sudo (1.1.1)

PATH
  remote: bw-cookbooks/sysctl
  specs:
    sysctl (0.2.2)

PATH
  remote: bw-cookbooks/timezone
  specs:
    timezone (0.1.0)

PATH
  remote: bw-cookbooks/user
  specs:
    user (0.3.1)

PATH
  remote: bw-cookbooks/zabbix
  specs:
    zabbix (0.2.0)

PATH
  remote: bw-cookbooks/zabbix-server
  specs:
    zabbix-server (0.1.0)
      lvm (>= 0.8.6)
      nginx (>= 2.2.0)
      partition (>= 0.1.0)

PATH
  remote: inhouse-cookbooks/base
  specs:
    base (0.1.0)

PATH
  remote: inhouse-cookbooks/fake
  specs:
    fake (0.1.0)

DEPENDENCIES
  apt (>= 0)
  base (>= 0)
  fake (>= 0)
  lvm (>= 0)
  nginx (>= 0)
  ntp (>= 0)
  partition (>= 0)
  php (>= 0)
  postgresql (>= 0)
  redmine (>= 0)
  ruby (>= 0)
  runit (>= 0)
  sudo (>= 0)
  sysctl (>= 0)
  timezone (>= 0)
  user (>= 0)
  zabbix (>= 0)
  zabbix-server (>= 0)

